// !$*UTF8*$!
{
	archiveVersion = 1;
	classes = {
	};
	objectVersion = 56;
	objects = {

/* Begin PBXBuildFile section */
		A10000000000000000000101 /* ClyroApp.swift in Sources */ = {isa = PBXBuildFile; fileRef = A10000000000000000000201 /* ClyroApp.swift */; };
		A10000000000000000000102 /* Models.swift in Sources */ = {isa = PBXBuildFile; fileRef = A10000000000000000000202 /* Models.swift */; };
		A10000000000000000000103 /* Theme.swift in Sources */ = {isa = PBXBuildFile; fileRef = A10000000000000000000203 /* Theme.swift */; };
		A10000000000000000000104 /* SystemMonitor.swift in Sources */ = {isa = PBXBuildFile; fileRef = A10000000000000000000204 /* SystemMonitor.swift */; };
		A10000000000000000000105 /* CleanupScanner.swift in Sources */ = {isa = PBXBuildFile; fileRef = A10000000000000000000205 /* CleanupScanner.swift */; };
		A10000000000000000000106 /* Components.swift in Sources */ = {isa = PBXBuildFile; fileRef = A10000000000000000000206 /* Components.swift */; };
		A10000000000000000000107 /* RootView.swift in Sources */ = {isa = PBXBuildFile; fileRef = A10000000000000000000207 /* RootView.swift */; };
		A10000000000000000000108 /* DashboardView.swift in Sources */ = {isa = PBXBuildFile; fileRef = A10000000000000000000208 /* DashboardView.swift */; };
		A10000000000000000000109 /* FeatureViews.swift in Sources */ = {isa = PBXBuildFile; fileRef = A10000000000000000000209 /* FeatureViews.swift */; };
		A1000000000000000000010C /* ToolEngines.swift in Sources */ = {isa = PBXBuildFile; fileRef = A1000000000000000000021C /* ToolEngines.swift */; };
		A1000000000000000000010D /* ToolViews.swift in Sources */ = {isa = PBXBuildFile; fileRef = A1000000000000000000021D /* ToolViews.swift */; };
		A1000000000000000000010E /* ThermalSensors.swift in Sources */ = {isa = PBXBuildFile; fileRef = A1000000000000000000021E /* ThermalSensors.swift */; };
		A1000000000000000000010F /* Growth.swift in Sources */ = {isa = PBXBuildFile; fileRef = A1000000000000000000021F /* Growth.swift */; };
		A10000000000000000000110 /* ExplorerViews.swift in Sources */ = {isa = PBXBuildFile; fileRef = A10000000000000000000220 /* ExplorerViews.swift */; };
		A10000000000000000000111 /* GardenScene.swift in Sources */ = {isa = PBXBuildFile; fileRef = A10000000000000000000221 /* GardenScene.swift */; };
		A10000000000000000000112 /* CleanupViews.swift in Sources */ = {isa = PBXBuildFile; fileRef = A10000000000000000000222 /* CleanupViews.swift */; };
		A10000000000000000000113 /* OptimizeViews.swift in Sources */ = {isa = PBXBuildFile; fileRef = A10000000000000000000223 /* OptimizeViews.swift */; };
		A10000000000000000000114 /* AppsViews.swift in Sources */ = {isa = PBXBuildFile; fileRef = A10000000000000000000224 /* AppsViews.swift */; };
		A1000000000000000000010A /* ClyroIcon.svg in Resources */ = {isa = PBXBuildFile; fileRef = A1000000000000000000020A /* ClyroIcon.svg */; };
		A1000000000000000000010B /* IOKit.framework in Frameworks */ = {isa = PBXBuildFile; fileRef = A1000000000000000000020D /* IOKit.framework */; };
/* End PBXBuildFile section */

/* Begin PBXFileReference section */
		A10000000000000000000201 /* ClyroApp.swift */ = {isa = PBXFileReference; lastKnownFileType = sourcecode.swift; path = ClyroApp.swift; sourceTree = "<group>"; };
		A10000000000000000000202 /* Models.swift */ = {isa = PBXFileReference; lastKnownFileType = sourcecode.swift; path = Models.swift; sourceTree = "<group>"; };
		A10000000000000000000203 /* Theme.swift */ = {isa = PBXFileReference; lastKnownFileType = sourcecode.swift; path = Theme.swift; sourceTree = "<group>"; };
		A10000000000000000000204 /* SystemMonitor.swift */ = {isa = PBXFileReference; lastKnownFileType = sourcecode.swift; path = SystemMonitor.swift; sourceTree = "<group>"; };
		A10000000000000000000205 /* CleanupScanner.swift */ = {isa = PBXFileReference; lastKnownFileType = sourcecode.swift; path = CleanupScanner.swift; sourceTree = "<group>"; };
		A10000000000000000000206 /* Components.swift */ = {isa = PBXFileReference; lastKnownFileType = sourcecode.swift; path = Components.swift; sourceTree = "<group>"; };
		A10000000000000000000207 /* RootView.swift */ = {isa = PBXFileReference; lastKnownFileType = sourcecode.swift; path = RootView.swift; sourceTree = "<group>"; };
		A10000000000000000000208 /* DashboardView.swift */ = {isa = PBXFileReference; lastKnownFileType = sourcecode.swift; path = DashboardView.swift; sourceTree = "<group>"; };
		A10000000000000000000209 /* FeatureViews.swift */ = {isa = PBXFileReference; lastKnownFileType = sourcecode.swift; path = FeatureViews.swift; sourceTree = "<group>"; };
		A1000000000000000000021C /* ToolEngines.swift */ = {isa = PBXFileReference; lastKnownFileType = sourcecode.swift; path = ToolEngines.swift; sourceTree = "<group>"; };
		A1000000000000000000021E /* ThermalSensors.swift */ = {isa = PBXFileReference; lastKnownFileType = sourcecode.swift; path = ThermalSensors.swift; sourceTree = "<group>"; };
		A10000000000000000000224 /* AppsViews.swift */ = {isa = PBXFileReference; lastKnownFileType = sourcecode.swift; path = AppsViews.swift; sourceTree = "<group>"; };
		A10000000000000000000223 /* OptimizeViews.swift */ = {isa = PBXFileReference; lastKnownFileType = sourcecode.swift; path = OptimizeViews.swift; sourceTree = "<group>"; };
		A10000000000000000000222 /* CleanupViews.swift */ = {isa = PBXFileReference; lastKnownFileType = sourcecode.swift; path = CleanupViews.swift; sourceTree = "<group>"; };
		A10000000000000000000221 /* GardenScene.swift */ = {isa = PBXFileReference; lastKnownFileType = sourcecode.swift; path = GardenScene.swift; sourceTree = "<group>"; };
		A10000000000000000000220 /* ExplorerViews.swift */ = {isa = PBXFileReference; lastKnownFileType = sourcecode.swift; path = ExplorerViews.swift; sourceTree = "<group>"; };
		A1000000000000000000021F /* Growth.swift */ = {isa = PBXFileReference; lastKnownFileType = sourcecode.swift; path = Growth.swift; sourceTree = "<group>"; };
		A1000000000000000000021D /* ToolViews.swift */ = {isa = PBXFileReference; lastKnownFileType = sourcecode.swift; path = ToolViews.swift; sourceTree = "<group>"; };
		A1000000000000000000020A /* ClyroIcon.svg */ = {isa = PBXFileReference; lastKnownFileType = image.svg; path = ClyroIcon.svg; sourceTree = "<group>"; };
		A1000000000000000000020B /* Info.plist */ = {isa = PBXFileReference; lastKnownFileType = text.plist.xml; path = Info.plist; sourceTree = "<group>"; };
		A1000000000000000000020C /* Clyro.app */ = {isa = PBXFileReference; explicitFileType = wrapper.application; includeInIndex = 0; path = Clyro.app; sourceTree = BUILT_PRODUCTS_DIR; };
		A1000000000000000000020D /* IOKit.framework */ = {isa = PBXFileReference; lastKnownFileType = wrapper.framework; name = IOKit.framework; path = System/Library/Frameworks/IOKit.framework; sourceTree = SDKROOT; };
/* End PBXFileReference section */

/* Begin PBXFrameworksBuildPhase section */
		A10000000000000000000301 /* Frameworks */ = {
			isa = PBXFrameworksBuildPhase;
			buildActionMask = 2147483647;
			files = (
				A1000000000000000000010B /* IOKit.framework in Frameworks */,
			);
			runOnlyForDeploymentPostprocessing = 0;
		};
/* End PBXFrameworksBuildPhase section */

/* Begin PBXGroup section */
		A10000000000000000000401 = {
			isa = PBXGroup;
			children = (
				A10000000000000000000402 /* Sources */,
				A10000000000000000000403 /* Assets */,
				A1000000000000000000020B /* Info.plist */,
				A10000000000000000000405 /* Frameworks */,
				A10000000000000000000404 /* Products */,
			);
			sourceTree = "<group>";
		};
		A10000000000000000000402 /* Sources */ = {
			isa = PBXGroup;
			children = (
				A10000000000000000000201 /* ClyroApp.swift */,
				A10000000000000000000202 /* Models.swift */,
				A10000000000000000000203 /* Theme.swift */,
				A10000000000000000000204 /* SystemMonitor.swift */,
				A10000000000000000000205 /* CleanupScanner.swift */,
				A10000000000000000000206 /* Components.swift */,
				A10000000000000000000207 /* RootView.swift */,
				A10000000000000000000208 /* DashboardView.swift */,
				A10000000000000000000209 /* FeatureViews.swift */,
				A1000000000000000000021C /* ToolEngines.swift */,
				A1000000000000000000021D /* ToolViews.swift */,
				A1000000000000000000021E /* ThermalSensors.swift */,
				A1000000000000000000021F /* Growth.swift */,
				A10000000000000000000220 /* ExplorerViews.swift */,
				A10000000000000000000221 /* GardenScene.swift */,
				A10000000000000000000222 /* CleanupViews.swift */,
				A10000000000000000000223 /* OptimizeViews.swift */,
				A10000000000000000000224 /* AppsViews.swift */,
			);
			name = Sources;
			path = Sources/Clyro;
			sourceTree = "<group>";
		};
		A10000000000000000000403 /* Assets */ = {
			isa = PBXGroup;
			children = (
				A1000000000000000000020A /* ClyroIcon.svg */,
			);
			path = Assets;
			sourceTree = "<group>";
		};
		A10000000000000000000404 /* Products */ = {
			isa = PBXGroup;
			children = (
				A1000000000000000000020C /* Clyro.app */,
			);
			name = Products;
			sourceTree = "<group>";
		};
		A10000000000000000000405 /* Frameworks */ = {
			isa = PBXGroup;
			children = (
				A1000000000000000000020D /* IOKit.framework */,
			);
			name = Frameworks;
			sourceTree = "<group>";
		};
/* End PBXGroup section */

/* Begin PBXNativeTarget section */
		A10000000000000000000501 /* Clyro */ = {
			isa = PBXNativeTarget;
			buildConfigurationList = A10000000000000000000902 /* Build configuration list for PBXNativeTarget "Clyro" */;
			buildPhases = (
				A10000000000000000000601 /* Sources */,
				A10000000000000000000301 /* Frameworks */,
				A10000000000000000000701 /* Resources */,
			);
			buildRules = (
			);
			dependencies = (
			);
			name = Clyro;
			productName = Clyro;
			productReference = A1000000000000000000020C /* Clyro.app */;
			productType = "com.apple.product-type.application";
		};
/* End PBXNativeTarget section */

/* Begin PBXProject section */
		A10000000000000000000801 /* Project object */ = {
			isa = PBXProject;
			attributes = {
				BuildIndependentTargetsInParallel = 1;
				LastSwiftUpdateCheck = 1600;
				LastUpgradeCheck = 1600;
				TargetAttributes = {
					A10000000000000000000501 = {
						CreatedOnToolsVersion = 16.0;
					};
				};
			};
			buildConfigurationList = A10000000000000000000901 /* Build configuration list for PBXProject "Clyro" */;
			compatibilityVersion = "Xcode 14.0";
			developmentRegion = de;
			hasScannedForEncodings = 0;
			knownRegions = (
				de,
				Base,
			);
			mainGroup = A10000000000000000000401;
			productRefGroup = A10000000000000000000404 /* Products */;
			projectDirPath = "";
			projectRoot = "";
			targets = (
				A10000000000000000000501 /* Clyro */,
			);
		};
/* End PBXProject section */

/* Begin PBXResourcesBuildPhase section */
		A10000000000000000000701 /* Resources */ = {
			isa = PBXResourcesBuildPhase;
			buildActionMask = 2147483647;
			files = (
				A1000000000000000000010A /* ClyroIcon.svg in Resources */,
			);
			runOnlyForDeploymentPostprocessing = 0;
		};
/* End PBXResourcesBuildPhase section */

/* Begin PBXSourcesBuildPhase section */
		A10000000000000000000601 /* Sources */ = {
			isa = PBXSourcesBuildPhase;
			buildActionMask = 2147483647;
			files = (
				A10000000000000000000101 /* ClyroApp.swift in Sources */,
				A10000000000000000000102 /* Models.swift in Sources */,
				A10000000000000000000103 /* Theme.swift in Sources */,
				A10000000000000000000104 /* SystemMonitor.swift in Sources */,
				A10000000000000000000105 /* CleanupScanner.swift in Sources */,
				A10000000000000000000106 /* Components.swift in Sources */,
				A10000000000000000000107 /* RootView.swift in Sources */,
				A10000000000000000000108 /* DashboardView.swift in Sources */,
				A10000000000000000000109 /* FeatureViews.swift in Sources */,
				A1000000000000000000010C /* ToolEngines.swift in Sources */,
				A1000000000000000000010D /* ToolViews.swift in Sources */,
				A1000000000000000000010E /* ThermalSensors.swift in Sources */,
				A1000000000000000000010F /* Growth.swift in Sources */,
				A10000000000000000000110 /* ExplorerViews.swift in Sources */,
				A10000000000000000000111 /* GardenScene.swift in Sources */,
				A10000000000000000000112 /* CleanupViews.swift in Sources */,
				A10000000000000000000113 /* OptimizeViews.swift in Sources */,
				A10000000000000000000114 /* AppsViews.swift in Sources */,
			);
			runOnlyForDeploymentPostprocessing = 0;
		};
/* End PBXSourcesBuildPhase section */

/* Begin XCBuildConfiguration section */
		A10000000000000000000A01 /* Debug */ = {
			isa = XCBuildConfiguration;
			buildSettings = {
				ALWAYS_SEARCH_USER_PATHS = NO;
				CLANG_ANALYZER_NONNULL = YES;
				CLANG_ANALYZER_NUMBER_OBJECT_CONVERSION = YES_AGGRESSIVE;
				CLANG_CXX_LANGUAGE_STANDARD = "gnu++20";
				CLANG_ENABLE_MODULES = YES;
				CLANG_ENABLE_OBJC_ARC = YES;
				CLANG_WARN_BLOCK_CAPTURE_AUTORELEASING = YES;
				CLANG_WARN_BOOL_CONVERSION = YES;
				CLANG_WARN_COMMA = YES;
				CLANG_WARN_CONSTANT_CONVERSION = YES;
				CLANG_WARN_DEPRECATED_OBJC_IMPLEMENTATIONS = YES;
				CLANG_WARN_DIRECT_OBJC_ISA_USAGE = YES_ERROR;
				CLANG_WARN_DOCUMENTATION_COMMENTS = YES;
				CLANG_WARN_EMPTY_BODY = YES;
				CLANG_WARN_ENUM_CONVERSION = YES;
				CLANG_WARN_INFINITE_RECURSION = YES;
				CLANG_WARN_INT_CONVERSION = YES;
				CLANG_WARN_NON_LITERAL_NULL_CONVERSION = YES;
				CLANG_WARN_OBJC_IMPLICIT_RETAIN_SELF = YES;
				CLANG_WARN_OBJC_LITERAL_CONVERSION = YES;
				CLANG_WARN_RANGE_LOOP_ANALYSIS = YES;
				CLANG_WARN_STRICT_PROTOTYPES = YES;
				CLANG_WARN_SUSPICIOUS_MOVE = YES;
				CLANG_WARN_UNGUARDED_AVAILABILITY = YES_AGGRESSIVE;
				CLANG_WARN_UNREACHABLE_CODE = YES;
				COPY_PHASE_STRIP = NO;
				DEBUG_INFORMATION_FORMAT = dwarf;
				ENABLE_TESTABILITY = YES;
				GCC_C_LANGUAGE_STANDARD = gnu17;
				GCC_DYNAMIC_NO_PIC = NO;
				GCC_NO_COMMON_BLOCKS = YES;
				GCC_OPTIMIZATION_LEVEL = 0;
				GCC_PREPROCESSOR_DEFINITIONS = (
					"DEBUG=1",
					"$(inherited)",
				);
				GCC_WARN_64_TO_32_BIT_CONVERSION = YES;
				GCC_WARN_ABOUT_RETURN_TYPE = YES_ERROR;
				GCC_WARN_UNDECLARED_SELECTOR = YES;
				GCC_WARN_UNINITIALIZED_AUTOS = YES_AGGRESSIVE;
				GCC_WARN_UNUSED_FUNCTION = YES;
				GCC_WARN_UNUSED_VARIABLE = YES;
				LOCALIZATION_PREFERS_STRING_CATALOGS = YES;
				MACOSX_DEPLOYMENT_TARGET = 14.0;
				MTL_ENABLE_DEBUG_INFO = INCLUDE_SOURCE;
				MTL_FAST_MATH = YES;
				ONLY_ACTIVE_ARCH = YES;
				SDKROOT = macosx;
				SWIFT_ACTIVE_COMPILATION_CONDITIONS = "DEBUG $(inherited)";
				SWIFT_OPTIMIZATION_LEVEL = "-Onone";
			};
			name = Debug;
		};
		A10000000000000000000A02 /* Release */ = {
			isa = XCBuildConfiguration;
			buildSettings = {
				ALWAYS_SEARCH_USER_PATHS = NO;
				CLANG_ANALYZER_NONNULL = YES;
				CLANG_ANALYZER_NUMBER_OBJECT_CONVERSION = YES_AGGRESSIVE;
				CLANG_CXX_LANGUAGE_STANDARD = "gnu++20";
				CLANG_ENABLE_MODULES = YES;
				CLANG_ENABLE_OBJC_ARC = YES;
				CLANG_WARN_BLOCK_CAPTURE_AUTORELEASING = YES;
				CLANG_WARN_BOOL_CONVERSION = YES;
				CLANG_WARN_COMMA = YES;
				CLANG_WARN_CONSTANT_CONVERSION = YES;
				CLANG_WARN_DEPRECATED_OBJC_IMPLEMENTATIONS = YES;
				CLANG_WARN_DIRECT_OBJC_ISA_USAGE = YES_ERROR;
				CLANG_WARN_DOCUMENTATION_COMMENTS = YES;
				CLANG_WARN_EMPTY_BODY = YES;
				CLANG_WARN_ENUM_CONVERSION = YES;
				CLANG_WARN_INFINITE_RECURSION = YES;
				CLANG_WARN_INT_CONVERSION = YES;
				CLANG_WARN_NON_LITERAL_NULL_CONVERSION = YES;
				CLANG_WARN_OBJC_IMPLICIT_RETAIN_SELF = YES;
				CLANG_WARN_OBJC_LITERAL_CONVERSION = YES;
				CLANG_WARN_RANGE_LOOP_ANALYSIS = YES;
				CLANG_WARN_STRICT_PROTOTYPES = YES;
				CLANG_WARN_SUSPICIOUS_MOVE = YES;
				CLANG_WARN_UNGUARDED_AVAILABILITY = YES_AGGRESSIVE;
				CLANG_WARN_UNREACHABLE_CODE = YES;
				COPY_PHASE_STRIP = NO;
				DEBUG_INFORMATION_FORMAT = "dwarf-with-dsym";
				ENABLE_NS_ASSERTIONS = NO;
				GCC_C_LANGUAGE_STANDARD = gnu17;
				GCC_NO_COMMON_BLOCKS = YES;
				GCC_WARN_64_TO_32_BIT_CONVERSION = YES;
				GCC_WARN_ABOUT_RETURN_TYPE = YES_ERROR;
				GCC_WARN_UNDECLARED_SELECTOR = YES;
				GCC_WARN_UNINITIALIZED_AUTOS = YES_AGGRESSIVE;
				GCC_WARN_UNUSED_FUNCTION = YES;
				GCC_WARN_UNUSED_VARIABLE = YES;
				LOCALIZATION_PREFERS_STRING_CATALOGS = YES;
				MACOSX_DEPLOYMENT_TARGET = 14.0;
				MTL_ENABLE_DEBUG_INFO = NO;
				MTL_FAST_MATH = YES;
				SDKROOT = macosx;
				SWIFT_COMPILATION_MODE = wholemodule;
			};
			name = Release;
		};
		A10000000000000000000A03 /* Debug */ = {
			isa = XCBuildConfiguration;
			buildSettings = {
				CODE_SIGN_STYLE = Automatic;
				COMBINE_HIDPI_IMAGES = YES;
				CURRENT_PROJECT_VERSION = 10;
				ENABLE_APP_SANDBOX = NO;
				ENABLE_HARDENED_RUNTIME = YES;
				GENERATE_INFOPLIST_FILE = NO;
				INFOPLIST_FILE = Info.plist;
				LD_RUNPATH_SEARCH_PATHS = (
					"$(inherited)",
					"@executable_path/../Frameworks",
				);
				MARKETING_VERSION = 1.0.0;
				PRODUCT_BUNDLE_IDENTIFIER = dev.meb99.Clyro;
				PRODUCT_NAME = "$(TARGET_NAME)";
				SWIFT_EMIT_LOC_STRINGS = YES;
				SWIFT_VERSION = 5.0;
			};
			name = Debug;
		};
		A10000000000000000000A04 /* Release */ = {
			isa = XCBuildConfiguration;
			buildSettings = {
				CODE_SIGN_STYLE = Automatic;
				COMBINE_HIDPI_IMAGES = YES;
				CURRENT_PROJECT_VERSION = 10;
				ENABLE_APP_SANDBOX = NO;
				ENABLE_HARDENED_RUNTIME = YES;
				GENERATE_INFOPLIST_FILE = NO;
				INFOPLIST_FILE = Info.plist;
				LD_RUNPATH_SEARCH_PATHS = (
					"$(inherited)",
					"@executable_path/../Frameworks",
				);
				MARKETING_VERSION = 1.0.0;
				PRODUCT_BUNDLE_IDENTIFIER = dev.meb99.Clyro;
				PRODUCT_NAME = "$(TARGET_NAME)";
				SWIFT_EMIT_LOC_STRINGS = YES;
				SWIFT_VERSION = 5.0;
			};
			name = Release;
		};
/* End XCBuildConfiguration section */

/* Begin XCConfigurationList section */
		A10000000000000000000901 /* Build configuration list for PBXProject "Clyro" */ = {
			isa = XCConfigurationList;
			buildConfigurations = (
				A10000000000000000000A01 /* Debug */,
				A10000000000000000000A02 /* Release */,
			);
			defaultConfigurationIsVisible = 0;
			defaultConfigurationName = Release;
		};
		A10000000000000000000902 /* Build configuration list for PBXNativeTarget "Clyro" */ = {
			isa = XCConfigurationList;
			buildConfigurations = (
				A10000000000000000000A03 /* Debug */,
				A10000000000000000000A04 /* Release */,
			);
			defaultConfigurationIsVisible = 0;
			defaultConfigurationName = Release;
		};
/* End XCConfigurationList section */
	};
	rootObject = A10000000000000000000801 /* Project object */;
}
